
Microsoft Visual Studio Solution File, Format Version 12.00
# Visual Studio Version 17
VisualStudioVersion = 17.4.33205.214
MinimumVisualStudioVersion = 10.0.40219.1
Project("{FAE04EC0-301F-11D3-BF4B-00C04F79EFBC}") = "myssocms", "myssocms\myssocms.csproj", "{C6D0E3AC-0F4F-47BC-B7B7-23E21CBA148C}"
EndProject
Global
	GlobalSection(SolutionConfigurationPlatforms) = preSolution
		Debug|Any CPU = Debug|Any CPU
		Release|Any CPU = Release|Any CPU
	EndGlobalSection
	GlobalSection(ProjectConfigurationPlatforms) = postSolution
		{C6D0E3AC-0F4F-47BC-B7B7-23E21CBA148C}.Debug|Any CPU.ActiveCfg = Debug|Any CPU
		{C6D0E3AC-0F4F-47BC-B7B7-23E21CBA148C}.Debug|Any CPU.Build.0 = Debug|Any CPU
		{C6D0E3AC-0F4F-47BC-B7B7-23E21CBA148C}.Release|Any CPU.ActiveCfg = Release|Any CPU
		{C6D0E3AC-0F4F-47BC-B7B7-23E21CBA148C}.Release|Any CPU.Build.0 = Release|Any CPU
	EndGlobalSection
	GlobalSection(SolutionProperties) = preSolution
		HideSolutionNode = FALSE
	EndGlobalSection
	GlobalSection(ExtensibilityGlobals) = postSolution
		SolutionGuid = {98138B90-1BA4-4465-8A13-DD7DFC498544}
	EndGlobalSection
EndGlobal
